// !$*UTF8*$!
{
	archiveVersion = 1;
	classes = {
	};
	objectVersion = 48;
	objects = {

/* Begin PBXBuildFile section */
		74CEF41420404D1A00E79B75 /* AppDelegate.swift in Sources */ = {isa = PBXBuildFile; fileRef = 74CEF41320404D1A00E79B75 /* AppDelegate.swift */; };
		74CEF41C20404D1A00E79B75 /* Day8SearchController.xcdatamodeld in Sources */ = {isa = PBXBuildFile; fileRef = 74CEF41A20404D1A00E79B75 /* Day8SearchController.xcdatamodeld */; };
		74CEF41E20404D1A00E79B75 /* Assets.xcassets in Resources */ = {isa = PBXBuildFile; fileRef = 74CEF41D20404D1A00E79B75 /* Assets.xcassets */; };
		74CEF42120404D1A00E79B75 /* LaunchScreen.storyboard in Resources */ = {isa = PBXBuildFile; fileRef = 74CEF41F20404D1A00E79B75 /* LaunchScreen.storyboard */; };
		74CEF42920404ED400E79B75 /* Main.storyboard in Resources */ = {isa = PBXBuildFile; fileRef = 74CEF42820404ED400E79B75 /* Main.storyboard */; };
		74CEF42B20404F9B00E79B75 /* CityTVC.swift in Sources */ = {isa = PBXBuildFile; fileRef = 74CEF42A20404F9B00E79B75 /* CityTVC.swift */; };
		74CEF42D204051E400E79B75 /* Cities.swift in Sources */ = {isa = PBXBuildFile; fileRef = 74CEF42C204051E400E79B75 /* Cities.swift */; };
		74CEF42F2040545C00E79B75 /* CityCell.swift in Sources */ = {isa = PBXBuildFile; fileRef = 74CEF42E2040545C00E79B75 /* CityCell.swift */; };
/* End PBXBuildFile section */

/* Begin PBXFileReference section */
		74CEF41020404D1A00E79B75 /* Day8SearchController.app */ = {isa = PBXFileReference; explicitFileType = wrapper.application; includeInIndex = 0; path = Day8SearchController.app; sourceTree = BUILT_PRODUCTS_DIR; };
		74CEF41320404D1A00E79B75 /* AppDelegate.swift */ = {isa = PBXFileReference; lastKnownFileType = sourcecode.swift; path = AppDelegate.swift; sourceTree = "<group>"; };
		74CEF41B20404D1A00E79B75 /* Day4CustomTable.xcdatamodel */ = {isa = PBXFileReference; lastKnownFileType = wrapper.xcdatamodel; path = Day4CustomTable.xcdatamodel; sourceTree = "<group>"; };
		74CEF41D20404D1A00E79B75 /* Assets.xcassets */ = {isa = PBXFileReference; lastKnownFileType = folder.assetcatalog; path = Assets.xcassets; sourceTree = "<group>"; };
		74CEF42020404D1A00E79B75 /* Base */ = {isa = PBXFileReference; lastKnownFileType = file.storyboard; name = Base; path = Base.lproj/LaunchScreen.storyboard; sourceTree = "<group>"; };
		74CEF42220404D1A00E79B75 /* Info.plist */ = {isa = PBXFileReference; lastKnownFileType = text.plist.xml; path = Info.plist; sourceTree = "<group>"; };
		74CEF42820404ED400E79B75 /* Main.storyboard */ = {isa = PBXFileReference; lastKnownFileType = file.storyboard; path = Main.storyboard; sourceTree = "<group>"; };
		74CEF42A20404F9B00E79B75 /* CityTVC.swift */ = {isa = PBXFileReference; lastKnownFileType = sourcecode.swift; path = CityTVC.swift; sourceTree = "<group>"; };
		74CEF42C204051E400E79B75 /* Cities.swift */ = {isa = PBXFileReference; lastKnownFileType = sourcecode.swift; path = Cities.swift; sourceTree = "<group>"; };
		74CEF42E2040545C00E79B75 /* CityCell.swift */ = {isa = PBXFileReference; lastKnownFileType = sourcecode.swift; path = CityCell.swift; sourceTree = "<group>"; };
/* End PBXFileReference section */

/* Begin PBXFrameworksBuildPhase section */
		74CEF40D20404D1A00E79B75 /* Frameworks */ = {
			isa = PBXFrameworksBuildPhase;
			buildActionMask = 2147483647;
			files = (
			);
			runOnlyForDeploymentPostprocessing = 0;
		};
/* End PBXFrameworksBuildPhase section */

/* Begin PBXGroup section */
		74CEF40720404D1A00E79B75 = {
			isa = PBXGroup;
			children = (
				74CEF41220404D1A00E79B75 /* Day8SearchController */,
				74CEF41120404D1A00E79B75 /* Products */,
			);
			sourceTree = "<group>";
		};
		74CEF41120404D1A00E79B75 /* Products */ = {
			isa = PBXGroup;
			children = (
				74CEF41020404D1A00E79B75 /* Day8SearchController.app */,
			);
			name = Products;
			sourceTree = "<group>";
		};
		74CEF41220404D1A00E79B75 /* Day8SearchController */ = {
			isa = PBXGroup;
			children = (
				74CEF41320404D1A00E79B75 /* AppDelegate.swift */,
				74CEF41D20404D1A00E79B75 /* Assets.xcassets */,
				74CEF41F20404D1A00E79B75 /* LaunchScreen.storyboard */,
				74CEF42220404D1A00E79B75 /* Info.plist */,
				74CEF41A20404D1A00E79B75 /* Day8SearchController.xcdatamodeld */,
				74CEF42820404ED400E79B75 /* Main.storyboard */,
				74CEF42A20404F9B00E79B75 /* CityTVC.swift */,
				74CEF42C204051E400E79B75 /* Cities.swift */,
				74CEF42E2040545C00E79B75 /* CityCell.swift */,
			);
			path = Day8SearchController;
			sourceTree = "<group>";
		};
/* End PBXGroup section */

/* Begin PBXNativeTarget section */
		74CEF40F20404D1A00E79B75 /* Day8SearchController */ = {
			isa = PBXNativeTarget;
			buildConfigurationList = 74CEF42520404D1A00E79B75 /* Build configuration list for PBXNativeTarget "Day8SearchController" */;
			buildPhases = (
				74CEF40C20404D1A00E79B75 /* Sources */,
				74CEF40D20404D1A00E79B75 /* Frameworks */,
				74CEF40E20404D1A00E79B75 /* Resources */,
			);
			buildRules = (
			);
			dependencies = (
			);
			name = Day8SearchController;
			productName = Day4CustomTable;
			productReference = 74CEF41020404D1A00E79B75 /* Day8SearchController.app */;
			productType = "com.apple.product-type.application";
		};
/* End PBXNativeTarget section */

/* Begin PBXProject section */
		74CEF40820404D1A00E79B75 /* Project object */ = {
			isa = PBXProject;
			attributes = {
				LastSwiftUpdateCheck = 0920;
				LastUpgradeCheck = 0920;
				ORGANIZATIONNAME = JK;
				TargetAttributes = {
					74CEF40F20404D1A00E79B75 = {
						CreatedOnToolsVersion = 9.2;
						ProvisioningStyle = Automatic;
					};
				};
			};
			buildConfigurationList = 74CEF40B20404D1A00E79B75 /* Build configuration list for PBXProject "Day8SearchController" */;
			compatibilityVersion = "Xcode 8.0";
			developmentRegion = en;
			hasScannedForEncodings = 0;
			knownRegions = (
				en,
				Base,
			);
			mainGroup = 74CEF40720404D1A00E79B75;
			productRefGroup = 74CEF41120404D1A00E79B75 /* Products */;
			projectDirPath = "";
			projectRoot = "";
			targets = (
				74CEF40F20404D1A00E79B75 /* Day8SearchController */,
			);
		};
/* End PBXProject section */

/* Begin PBXResourcesBuildPhase section */
		74CEF40E20404D1A00E79B75 /* Resources */ = {
			isa = PBXResourcesBuildPhase;
			buildActionMask = 2147483647;
			files = (
				74CEF42920404ED400E79B75 /* Main.storyboard in Resources */,
				74CEF42120404D1A00E79B75 /* LaunchScreen.storyboard in Resources */,
				74CEF41E20404D1A00E79B75 /* Assets.xcassets in Resources */,
			);
			runOnlyForDeploymentPostprocessing = 0;
		};
/* End PBXResourcesBuildPhase section */

/* Begin PBXSourcesBuildPhase section */
		74CEF40C20404D1A00E79B75 /* Sources */ = {
			isa = PBXSourcesBuildPhase;
			buildActionMask = 2147483647;
			files = (
				74CEF42B20404F9B00E79B75 /* CityTVC.swift in Sources */,
				74CEF42D204051E400E79B75 /* Cities.swift in Sources */,
				74CEF42F2040545C00E79B75 /* CityCell.swift in Sources */,
				74CEF41C20404D1A00E79B75 /* Day8SearchController.xcdatamodeld in Sources */,
				74CEF41420404D1A00E79B75 /* AppDelegate.swift in Sources */,
			);
			runOnlyForDeploymentPostprocessing = 0;
		};
/* End PBXSourcesBuildPhase section */

/* Begin PBXVariantGroup section */
		74CEF41F20404D1A00E79B75 /* LaunchScreen.storyboard */ = {
			isa = PBXVariantGroup;
			children = (
				74CEF42020404D1A00E79B75 /* Base */,
			);
			name = LaunchScreen.storyboard;
			sourceTree = "<group>";
		};
/* End PBXVariantGroup section */

/* Begin XCBuildConfiguration section */
		74CEF42320404D1A00E79B75 /* Debug */ = {
			isa = XCBuildConfiguration;
			buildSettings = {
				ALWAYS_SEARCH_USER_PATHS = NO;
				CLANG_ANALYZER_NONNULL = YES;
				CLANG_ANALYZER_NUMBER_OBJECT_CONVERSION = YES_AGGRESSIVE;
				CLANG_CXX_LANGUAGE_STANDARD = "gnu++14";
				CLANG_CXX_LIBRARY = "libc++";
				CLANG_ENABLE_MODULES = YES;
				CLANG_ENABLE_OBJC_ARC = YES;
				CLANG_WARN_BLOCK_CAPTURE_AUTORELEASING = YES;
				CLANG_WARN_BOOL_CONVERSION = YES;
				CLANG_WARN_COMMA = YES;
				CLANG_WARN_CONSTANT_CONVERSION = YES;
				CLANG_WARN_DIRECT_OBJC_ISA_USAGE = YES_ERROR;
				CLANG_WARN_DOCUMENTATION_COMMENTS = YES;
				CLANG_WARN_EMPTY_BODY = YES;
				CLANG_WARN_ENUM_CONVERSION = YES;
				CLANG_WARN_INFINITE_RECURSION = YES;
				CLANG_WARN_INT_CONVERSION = YES;
				CLANG_WARN_NON_LITERAL_NULL_CONVERSION = YES;
				CLANG_WARN_OBJC_LITERAL_CONVERSION = YES;
				CLANG_WARN_OBJC_ROOT_CLASS = YES_ERROR;
				CLANG_WARN_RANGE_LOOP_ANALYSIS = YES;
				CLANG_WARN_STRICT_PROTOTYPES = YES;
				CLANG_WARN_SUSPICIOUS_MOVE = YES;
				CLANG_WARN_UNGUARDED_AVAILABILITY = YES_AGGRESSIVE;
				CLANG_WARN_UNREACHABLE_CODE = YES;
				CLANG_WARN__DUPLICATE_METHOD_MATCH = YES;
				CODE_SIGN_IDENTITY = "iPhone Developer";
				COPY_PHASE_STRIP = NO;
				DEBUG_INFORMATION_FORMAT = dwarf;
				ENABLE_STRICT_OBJC_MSGSEND = YES;
				ENABLE_TESTABILITY = YES;
				GCC_C_LANGUAGE_STANDARD = gnu11;
				GCC_DYNAMIC_NO_PIC = NO;
				GCC_NO_COMMON_BLOCKS = YES;
				GCC_OPTIMIZATION_LEVEL = 0;
				GCC_PREPROCESSOR_DEFINITIONS = (
					"DEBUG=1",
					"$(inherited)",
				);
				GCC_WARN_64_TO_32_BIT_CONVERSION = YES;
				GCC_WARN_ABOUT_RETURN_TYPE = YES_ERROR;
				GCC_WARN_UNDECLARED_SELECTOR = YES;
				GCC_WARN_UNINITIALIZED_AUTOS = YES_AGGRESSIVE;
				GCC_WARN_UNUSED_FUNCTION = YES;
				GCC_WARN_UNUSED_VARIABLE = YES;
				IPHONEOS_DEPLOYMENT_TARGET = 11.2;
				MTL_ENABLE_DEBUG_INFO = YES;
				ONLY_ACTIVE_ARCH = YES;
				SDKROOT = iphoneos;
				SWIFT_ACTIVE_COMPILATION_CONDITIONS = DEBUG;
				SWIFT_OPTIMIZATION_LEVEL = "-Onone";
			};
			name = Debug;
		};
		74CEF42420404D1A00E79B75 /* Release */ = {
			isa = XCBuildConfiguration;
			buildSettings = {
				ALWAYS_SEARCH_USER_PATHS = NO;
				CLANG_ANALYZER_NONNULL = YES;
				CLANG_ANALYZER_NUMBER_OBJECT_CONVERSION = YES_AGGRESSIVE;
				CLANG_CXX_LANGUAGE_STANDARD = "gnu++14";
				CLANG_CXX_LIBRARY = "libc++";
				CLANG_ENABLE_MODULES = YES;
				CLANG_ENABLE_OBJC_ARC = YES;
				CLANG_WARN_BLOCK_CAPTURE_AUTORELEASING = YES;
				CLANG_WARN_BOOL_CONVERSION = YES;
				CLANG_WARN_COMMA = YES;
				CLANG_WARN_CONSTANT_CONVERSION = YES;
				CLANG_WARN_DIRECT_OBJC_ISA_USAGE = YES_ERROR;
				CLANG_WARN_DOCUMENTATION_COMMENTS = YES;
				CLANG_WARN_EMPTY_BODY = YES;
				CLANG_WARN_ENUM_CONVERSION = YES;
				CLANG_WARN_INFINITE_RECURSION = YES;
				CLANG_WARN_INT_CONVERSION = YES;
				CLANG_WARN_NON_LITERAL_NULL_CONVERSION = YES;
				CLANG_WARN_OBJC_LITERAL_CONVERSION = YES;
				CLANG_WARN_OBJC_ROOT_CLASS = YES_ERROR;
				CLANG_WARN_RANGE_LOOP_ANALYSIS = YES;
				CLANG_WARN_STRICT_PROTOTYPES = YES;
				CLANG_WARN_SUSPICIOUS_MOVE = YES;
				CLANG_WARN_UNGUARDED_AVAILABILITY = YES_AGGRESSIVE;
				CLANG_WARN_UNREACHABLE_CODE = YES;
				CLANG_WARN__DUPLICATE_METHOD_MATCH = YES;
				CODE_SIGN_IDENTITY = "iPhone Developer";
				COPY_PHASE_STRIP = NO;
				DEBUG_INFORMATION_FORMAT = "dwarf-with-dsym";
				ENABLE_NS_ASSERTIONS = NO;
				ENABLE_STRICT_OBJC_MSGSEND = YES;
				GCC_C_LANGUAGE_STANDARD = gnu11;
				GCC_NO_COMMON_BLOCKS = YES;
				GCC_WARN_64_TO_32_BIT_CONVERSION = YES;
				GCC_WARN_ABOUT_RETURN_TYPE = YES_ERROR;
				GCC_WARN_UNDECLARED_SELECTOR = YES;
				GCC_WARN_UNINITIALIZED_AUTOS = YES_AGGRESSIVE;
				GCC_WARN_UNUSED_FUNCTION = YES;
				GCC_WARN_UNUSED_VARIABLE = YES;
				IPHONEOS_DEPLOYMENT_TARGET = 11.2;
				MTL_ENABLE_DEBUG_INFO = NO;
				SDKROOT = iphoneos;
				SWIFT_OPTIMIZATION_LEVEL = "-Owholemodule";
				VALIDATE_PRODUCT = YES;
			};
			name = Release;
		};
		74CEF42620404D1A00E79B75 /* Debug */ = {
			isa = XCBuildConfiguration;
			buildSettings = {
				ASSETCATALOG_COMPILER_APPICON_NAME = AppIcon;
				CODE_SIGN_STYLE = Automatic;
				INFOPLIST_FILE = "$(SRCROOT)/Day8SearchController/Info.plist";
				LD_RUNPATH_SEARCH_PATHS = "$(inherited) @executable_path/Frameworks";
				PRODUCT_BUNDLE_IDENTIFIER = JK.Day4CustomTable;
				PRODUCT_NAME = "$(TARGET_NAME)";
				SWIFT_VERSION = 4.0;
				TARGETED_DEVICE_FAMILY = "1,2";
			};
			name = Debug;
		};
		74CEF42720404D1A00E79B75 /* Release */ = {
			isa = XCBuildConfiguration;
			buildSettings = {
				ASSETCATALOG_COMPILER_APPICON_NAME = AppIcon;
				CODE_SIGN_STYLE = Automatic;
				INFOPLIST_FILE = "$(SRCROOT)/Day8SearchController/Info.plist";
				LD_RUNPATH_SEARCH_PATHS = "$(inherited) @executable_path/Frameworks";
				PRODUCT_BUNDLE_IDENTIFIER = JK.Day4CustomTable;
				PRODUCT_NAME = "$(TARGET_NAME)";
				SWIFT_VERSION = 4.0;
				TARGETED_DEVICE_FAMILY = "1,2";
			};
			name = Release;
		};
/* End XCBuildConfiguration section */

/* Begin XCConfigurationList section */
		74CEF40B20404D1A00E79B75 /* Build configuration list for PBXProject "Day8SearchController" */ = {
			isa = XCConfigurationList;
			buildConfigurations = (
				74CEF42320404D1A00E79B75 /* Debug */,
				74CEF42420404D1A00E79B75 /* Release */,
			);
			defaultConfigurationIsVisible = 0;
			defaultConfigurationName = Release;
		};
		74CEF42520404D1A00E79B75 /* Build configuration list for PBXNativeTarget "Day8SearchController" */ = {
			isa = XCConfigurationList;
			buildConfigurations = (
				74CEF42620404D1A00E79B75 /* Debug */,
				74CEF42720404D1A00E79B75 /* Release */,
			);
			defaultConfigurationIsVisible = 0;
			defaultConfigurationName = Release;
		};
/* End XCConfigurationList section */

/* Begin XCVersionGroup section */
		74CEF41A20404D1A00E79B75 /* Day8SearchController.xcdatamodeld */ = {
			isa = XCVersionGroup;
			children = (
				74CEF41B20404D1A00E79B75 /* Day4CustomTable.xcdatamodel */,
			);
			currentVersion = 74CEF41B20404D1A00E79B75 /* Day4CustomTable.xcdatamodel */;
			path = Day8SearchController.xcdatamodeld;
			sourceTree = "<group>";
			versionGroupType = wrapper.xcdatamodel;
		};
/* End XCVersionGroup section */
	};
	rootObject = 74CEF40820404D1A00E79B75 /* Project object */;
}
