// !$*UTF8*$!
{
	archiveVersion = 1;
	classes = {
	};
	objectVersion = 48;
	objects = {

/* Begin PBXBuildFile section */
		744A19072044FEA000821557 /* CarsTVC.swift in Sources */ = {isa = PBXBuildFile; fileRef = 744A19062044FEA000821557 /* CarsTVC.swift */; };
		74939D702043C239007233D7 /* AppDelegate.swift in Sources */ = {isa = PBXBuildFile; fileRef = 74939D6F2043C239007233D7 /* AppDelegate.swift */; };
		74939D722043C239007233D7 /* ViewController.swift in Sources */ = {isa = PBXBuildFile; fileRef = 74939D712043C239007233D7 /* ViewController.swift */; };
		74939D752043C239007233D7 /* Main.storyboard in Resources */ = {isa = PBXBuildFile; fileRef = 74939D732043C239007233D7 /* Main.storyboard */; };
		74939D782043C239007233D7 /* Day6PList.xcdatamodeld in Sources */ = {isa = PBXBuildFile; fileRef = 74939D762043C239007233D7 /* Day6PList.xcdatamodeld */; };
		74939D7A2043C239007233D7 /* Assets.xcassets in Resources */ = {isa = PBXBuildFile; fileRef = 74939D792043C239007233D7 /* Assets.xcassets */; };
		74939D7D2043C239007233D7 /* LaunchScreen.storyboard in Resources */ = {isa = PBXBuildFile; fileRef = 74939D7B2043C239007233D7 /* LaunchScreen.storyboard */; };
		74939D852043CB60007233D7 /* Cars.plist in Resources */ = {isa = PBXBuildFile; fileRef = 74939D842043CB60007233D7 /* Cars.plist */; };
/* End PBXBuildFile section */

/* Begin PBXFileReference section */
		744A19062044FEA000821557 /* CarsTVC.swift */ = {isa = PBXFileReference; lastKnownFileType = sourcecode.swift; path = CarsTVC.swift; sourceTree = "<group>"; };
		74939D6C2043C239007233D7 /* Day6PList.app */ = {isa = PBXFileReference; explicitFileType = wrapper.application; includeInIndex = 0; path = Day6PList.app; sourceTree = BUILT_PRODUCTS_DIR; };
		74939D6F2043C239007233D7 /* AppDelegate.swift */ = {isa = PBXFileReference; lastKnownFileType = sourcecode.swift; path = AppDelegate.swift; sourceTree = "<group>"; };
		74939D712043C239007233D7 /* ViewController.swift */ = {isa = PBXFileReference; lastKnownFileType = sourcecode.swift; path = ViewController.swift; sourceTree = "<group>"; };
		74939D742043C239007233D7 /* Base */ = {isa = PBXFileReference; lastKnownFileType = file.storyboard; name = Base; path = Base.lproj/Main.storyboard; sourceTree = "<group>"; };
		74939D772043C239007233D7 /* Day5PList.xcdatamodel */ = {isa = PBXFileReference; lastKnownFileType = wrapper.xcdatamodel; path = Day5PList.xcdatamodel; sourceTree = "<group>"; };
		74939D792043C239007233D7 /* Assets.xcassets */ = {isa = PBXFileReference; lastKnownFileType = folder.assetcatalog; path = Assets.xcassets; sourceTree = "<group>"; };
		74939D7C2043C239007233D7 /* Base */ = {isa = PBXFileReference; lastKnownFileType = file.storyboard; name = Base; path = Base.lproj/LaunchScreen.storyboard; sourceTree = "<group>"; };
		74939D7E2043C239007233D7 /* Info.plist */ = {isa = PBXFileReference; lastKnownFileType = text.plist.xml; path = Info.plist; sourceTree = "<group>"; };
		74939D842043CB60007233D7 /* Cars.plist */ = {isa = PBXFileReference; lastKnownFileType = text.plist.xml; path = Cars.plist; sourceTree = "<group>"; };
/* End PBXFileReference section */

/* Begin PBXFrameworksBuildPhase section */
		74939D692043C239007233D7 /* Frameworks */ = {
			isa = PBXFrameworksBuildPhase;
			buildActionMask = 2147483647;
			files = (
			);
			runOnlyForDeploymentPostprocessing = 0;
		};
/* End PBXFrameworksBuildPhase section */

/* Begin PBXGroup section */
		74939D632043C239007233D7 = {
			isa = PBXGroup;
			children = (
				74939D6E2043C239007233D7 /* Day6PList */,
				74939D6D2043C239007233D7 /* Products */,
			);
			sourceTree = "<group>";
		};
		74939D6D2043C239007233D7 /* Products */ = {
			isa = PBXGroup;
			children = (
				74939D6C2043C239007233D7 /* Day6PList.app */,
			);
			name = Products;
			sourceTree = "<group>";
		};
		74939D6E2043C239007233D7 /* Day6PList */ = {
			isa = PBXGroup;
			children = (
				74939D6F2043C239007233D7 /* AppDelegate.swift */,
				74939D712043C239007233D7 /* ViewController.swift */,
				74939D732043C239007233D7 /* Main.storyboard */,
				74939D792043C239007233D7 /* Assets.xcassets */,
				74939D7B2043C239007233D7 /* LaunchScreen.storyboard */,
				74939D7E2043C239007233D7 /* Info.plist */,
				74939D762043C239007233D7 /* Day6PList.xcdatamodeld */,
				74939D842043CB60007233D7 /* Cars.plist */,
				744A19062044FEA000821557 /* CarsTVC.swift */,
			);
			path = Day6PList;
			sourceTree = "<group>";
		};
/* End PBXGroup section */

/* Begin PBXNativeTarget section */
		74939D6B2043C239007233D7 /* Day6PList */ = {
			isa = PBXNativeTarget;
			buildConfigurationList = 74939D812043C239007233D7 /* Build configuration list for PBXNativeTarget "Day6PList" */;
			buildPhases = (
				74939D682043C239007233D7 /* Sources */,
				74939D692043C239007233D7 /* Frameworks */,
				74939D6A2043C239007233D7 /* Resources */,
			);
			buildRules = (
			);
			dependencies = (
			);
			name = Day6PList;
			productName = Day5PList;
			productReference = 74939D6C2043C239007233D7 /* Day6PList.app */;
			productType = "com.apple.product-type.application";
		};
/* End PBXNativeTarget section */

/* Begin PBXProject section */
		74939D642043C239007233D7 /* Project object */ = {
			isa = PBXProject;
			attributes = {
				LastSwiftUpdateCheck = 0920;
				LastUpgradeCheck = 0920;
				ORGANIZATIONNAME = JK;
				TargetAttributes = {
					74939D6B2043C239007233D7 = {
						CreatedOnToolsVersion = 9.2;
						ProvisioningStyle = Automatic;
					};
				};
			};
			buildConfigurationList = 74939D672043C239007233D7 /* Build configuration list for PBXProject "Day6PList" */;
			compatibilityVersion = "Xcode 8.0";
			developmentRegion = en;
			hasScannedForEncodings = 0;
			knownRegions = (
				en,
				Base,
			);
			mainGroup = 74939D632043C239007233D7;
			productRefGroup = 74939D6D2043C239007233D7 /* Products */;
			projectDirPath = "";
			projectRoot = "";
			targets = (
				74939D6B2043C239007233D7 /* Day6PList */,
			);
		};
/* End PBXProject section */

/* Begin PBXResourcesBuildPhase section */
		74939D6A2043C239007233D7 /* Resources */ = {
			isa = PBXResourcesBuildPhase;
			buildActionMask = 2147483647;
			files = (
				74939D852043CB60007233D7 /* Cars.plist in Resources */,
				74939D7D2043C239007233D7 /* LaunchScreen.storyboard in Resources */,
				74939D7A2043C239007233D7 /* Assets.xcassets in Resources */,
				74939D752043C239007233D7 /* Main.storyboard in Resources */,
			);
			runOnlyForDeploymentPostprocessing = 0;
		};
/* End PBXResourcesBuildPhase section */

/* Begin PBXSourcesBuildPhase section */
		74939D682043C239007233D7 /* Sources */ = {
			isa = PBXSourcesBuildPhase;
			buildActionMask = 2147483647;
			files = (
				74939D782043C239007233D7 /* Day6PList.xcdatamodeld in Sources */,
				74939D722043C239007233D7 /* ViewController.swift in Sources */,
				744A19072044FEA000821557 /* CarsTVC.swift in Sources */,
				74939D702043C239007233D7 /* AppDelegate.swift in Sources */,
			);
			runOnlyForDeploymentPostprocessing = 0;
		};
/* End PBXSourcesBuildPhase section */

/* Begin PBXVariantGroup section */
		74939D732043C239007233D7 /* Main.storyboard */ = {
			isa = PBXVariantGroup;
			children = (
				74939D742043C239007233D7 /* Base */,
			);
			name = Main.storyboard;
			sourceTree = "<group>";
		};
		74939D7B2043C239007233D7 /* LaunchScreen.storyboard */ = {
			isa = PBXVariantGroup;
			children = (
				74939D7C2043C239007233D7 /* Base */,
			);
			name = LaunchScreen.storyboard;
			sourceTree = "<group>";
		};
/* End PBXVariantGroup section */

/* Begin XCBuildConfiguration section */
		74939D7F2043C239007233D7 /* Debug */ = {
			isa = XCBuildConfiguration;
			buildSettings = {
				ALWAYS_SEARCH_USER_PATHS = NO;
				CLANG_ANALYZER_NONNULL = YES;
				CLANG_ANALYZER_NUMBER_OBJECT_CONVERSION = YES_AGGRESSIVE;
				CLANG_CXX_LANGUAGE_STANDARD = "gnu++14";
				CLANG_CXX_LIBRARY = "libc++";
				CLANG_ENABLE_MODULES = YES;
				CLANG_ENABLE_OBJC_ARC = YES;
				CLANG_WARN_BLOCK_CAPTURE_AUTORELEASING = YES;
				CLANG_WARN_BOOL_CONVERSION = YES;
				CLANG_WARN_COMMA = YES;
				CLANG_WARN_CONSTANT_CONVERSION = YES;
				CLANG_WARN_DIRECT_OBJC_ISA_USAGE = YES_ERROR;
				CLANG_WARN_DOCUMENTATION_COMMENTS = YES;
				CLANG_WARN_EMPTY_BODY = YES;
				CLANG_WARN_ENUM_CONVERSION = YES;
				CLANG_WARN_INFINITE_RECURSION = YES;
				CLANG_WARN_INT_CONVERSION = YES;
				CLANG_WARN_NON_LITERAL_NULL_CONVERSION = YES;
				CLANG_WARN_OBJC_LITERAL_CONVERSION = YES;
				CLANG_WARN_OBJC_ROOT_CLASS = YES_ERROR;
				CLANG_WARN_RANGE_LOOP_ANALYSIS = YES;
				CLANG_WARN_STRICT_PROTOTYPES = YES;
				CLANG_WARN_SUSPICIOUS_MOVE = YES;
				CLANG_WARN_UNGUARDED_AVAILABILITY = YES_AGGRESSIVE;
				CLANG_WARN_UNREACHABLE_CODE = YES;
				CLANG_WARN__DUPLICATE_METHOD_MATCH = YES;
				CODE_SIGN_IDENTITY = "iPhone Developer";
				COPY_PHASE_STRIP = NO;
				DEBUG_INFORMATION_FORMAT = dwarf;
				ENABLE_STRICT_OBJC_MSGSEND = YES;
				ENABLE_TESTABILITY = YES;
				GCC_C_LANGUAGE_STANDARD = gnu11;
				GCC_DYNAMIC_NO_PIC = NO;
				GCC_NO_COMMON_BLOCKS = YES;
				GCC_OPTIMIZATION_LEVEL = 0;
				GCC_PREPROCESSOR_DEFINITIONS = (
					"DEBUG=1",
					"$(inherited)",
				);
				GCC_WARN_64_TO_32_BIT_CONVERSION = YES;
				GCC_WARN_ABOUT_RETURN_TYPE = YES_ERROR;
				GCC_WARN_UNDECLARED_SELECTOR = YES;
				GCC_WARN_UNINITIALIZED_AUTOS = YES_AGGRESSIVE;
				GCC_WARN_UNUSED_FUNCTION = YES;
				GCC_WARN_UNUSED_VARIABLE = YES;
				IPHONEOS_DEPLOYMENT_TARGET = 11.2;
				MTL_ENABLE_DEBUG_INFO = YES;
				ONLY_ACTIVE_ARCH = YES;
				SDKROOT = iphoneos;
				SWIFT_ACTIVE_COMPILATION_CONDITIONS = DEBUG;
				SWIFT_OPTIMIZATION_LEVEL = "-Onone";
			};
			name = Debug;
		};
		74939D802043C239007233D7 /* Release */ = {
			isa = XCBuildConfiguration;
			buildSettings = {
				ALWAYS_SEARCH_USER_PATHS = NO;
				CLANG_ANALYZER_NONNULL = YES;
				CLANG_ANALYZER_NUMBER_OBJECT_CONVERSION = YES_AGGRESSIVE;
				CLANG_CXX_LANGUAGE_STANDARD = "gnu++14";
				CLANG_CXX_LIBRARY = "libc++";
				CLANG_ENABLE_MODULES = YES;
				CLANG_ENABLE_OBJC_ARC = YES;
				CLANG_WARN_BLOCK_CAPTURE_AUTORELEASING = YES;
				CLANG_WARN_BOOL_CONVERSION = YES;
				CLANG_WARN_COMMA = YES;
				CLANG_WARN_CONSTANT_CONVERSION = YES;
				CLANG_WARN_DIRECT_OBJC_ISA_USAGE = YES_ERROR;
				CLANG_WARN_DOCUMENTATION_COMMENTS = YES;
				CLANG_WARN_EMPTY_BODY = YES;
				CLANG_WARN_ENUM_CONVERSION = YES;
				CLANG_WARN_INFINITE_RECURSION = YES;
				CLANG_WARN_INT_CONVERSION = YES;
				CLANG_WARN_NON_LITERAL_NULL_CONVERSION = YES;
				CLANG_WARN_OBJC_LITERAL_CONVERSION = YES;
				CLANG_WARN_OBJC_ROOT_CLASS = YES_ERROR;
				CLANG_WARN_RANGE_LOOP_ANALYSIS = YES;
				CLANG_WARN_STRICT_PROTOTYPES = YES;
				CLANG_WARN_SUSPICIOUS_MOVE = YES;
				CLANG_WARN_UNGUARDED_AVAILABILITY = YES_AGGRESSIVE;
				CLANG_WARN_UNREACHABLE_CODE = YES;
				CLANG_WARN__DUPLICATE_METHOD_MATCH = YES;
				CODE_SIGN_IDENTITY = "iPhone Developer";
				COPY_PHASE_STRIP = NO;
				DEBUG_INFORMATION_FORMAT = "dwarf-with-dsym";
				ENABLE_NS_ASSERTIONS = NO;
				ENABLE_STRICT_OBJC_MSGSEND = YES;
				GCC_C_LANGUAGE_STANDARD = gnu11;
				GCC_NO_COMMON_BLOCKS = YES;
				GCC_WARN_64_TO_32_BIT_CONVERSION = YES;
				GCC_WARN_ABOUT_RETURN_TYPE = YES_ERROR;
				GCC_WARN_UNDECLARED_SELECTOR = YES;
				GCC_WARN_UNINITIALIZED_AUTOS = YES_AGGRESSIVE;
				GCC_WARN_UNUSED_FUNCTION = YES;
				GCC_WARN_UNUSED_VARIABLE = YES;
				IPHONEOS_DEPLOYMENT_TARGET = 11.2;
				MTL_ENABLE_DEBUG_INFO = NO;
				SDKROOT = iphoneos;
				SWIFT_OPTIMIZATION_LEVEL = "-Owholemodule";
				VALIDATE_PRODUCT = YES;
			};
			name = Release;
		};
		74939D822043C239007233D7 /* Debug */ = {
			isa = XCBuildConfiguration;
			buildSettings = {
				ASSETCATALOG_COMPILER_APPICON_NAME = AppIcon;
				CODE_SIGN_STYLE = Automatic;
				INFOPLIST_FILE = "$(SRCROOT)/Day6PList/Info.plist";
				LD_RUNPATH_SEARCH_PATHS = "$(inherited) @executable_path/Frameworks";
				PRODUCT_BUNDLE_IDENTIFIER = JK.Day5PList;
				PRODUCT_NAME = "$(TARGET_NAME)";
				SWIFT_VERSION = 4.0;
				TARGETED_DEVICE_FAMILY = "1,2";
			};
			name = Debug;
		};
		74939D832043C239007233D7 /* Release */ = {
			isa = XCBuildConfiguration;
			buildSettings = {
				ASSETCATALOG_COMPILER_APPICON_NAME = AppIcon;
				CODE_SIGN_STYLE = Automatic;
				INFOPLIST_FILE = "$(SRCROOT)/Day6PList/Info.plist";
				LD_RUNPATH_SEARCH_PATHS = "$(inherited) @executable_path/Frameworks";
				PRODUCT_BUNDLE_IDENTIFIER = JK.Day5PList;
				PRODUCT_NAME = "$(TARGET_NAME)";
				SWIFT_VERSION = 4.0;
				TARGETED_DEVICE_FAMILY = "1,2";
			};
			name = Release;
		};
/* End XCBuildConfiguration section */

/* Begin XCConfigurationList section */
		74939D672043C239007233D7 /* Build configuration list for PBXProject "Day6PList" */ = {
			isa = XCConfigurationList;
			buildConfigurations = (
				74939D7F2043C239007233D7 /* Debug */,
				74939D802043C239007233D7 /* Release */,
			);
			defaultConfigurationIsVisible = 0;
			defaultConfigurationName = Release;
		};
		74939D812043C239007233D7 /* Build configuration list for PBXNativeTarget "Day6PList" */ = {
			isa = XCConfigurationList;
			buildConfigurations = (
				74939D822043C239007233D7 /* Debug */,
				74939D832043C239007233D7 /* Release */,
			);
			defaultConfigurationIsVisible = 0;
			defaultConfigurationName = Release;
		};
/* End XCConfigurationList section */

/* Begin XCVersionGroup section */
		74939D762043C239007233D7 /* Day6PList.xcdatamodeld */ = {
			isa = XCVersionGroup;
			children = (
				74939D772043C239007233D7 /* Day5PList.xcdatamodel */,
			);
			currentVersion = 74939D772043C239007233D7 /* Day5PList.xcdatamodel */;
			path = Day6PList.xcdatamodeld;
			sourceTree = "<group>";
			versionGroupType = wrapper.xcdatamodel;
		};
/* End XCVersionGroup section */
	};
	rootObject = 74939D642043C239007233D7 /* Project object */;
}
